
Microsoft Visual Studio Solution File, Format Version 12.00
# Visual Studio Version 17
VisualStudioVersion = 17.8.34511.84
MinimumVisualStudioVersion = 10.0.40219.1
Project("{FAE04EC0-301F-11D3-BF4B-00C04F79EFBC}") = "CodigoClase07", "CodigoClase07\CodigoClase07.csproj", "{6305C15F-352A-413D-A04C-7392098D9B88}"
EndProject
Global
	GlobalSection(SolutionConfigurationPlatforms) = preSolution
		Debug|Any CPU = Debug|Any CPU
		Release|Any CPU = Release|Any CPU
	EndGlobalSection
	GlobalSection(ProjectConfigurationPlatforms) = postSolution
		{6305C15F-352A-413D-A04C-7392098D9B88}.Debug|Any CPU.ActiveCfg = Debug|Any CPU
		{6305C15F-352A-413D-A04C-7392098D9B88}.Debug|Any CPU.Build.0 = Debug|Any CPU
		{6305C15F-352A-413D-A04C-7392098D9B88}.Release|Any CPU.ActiveCfg = Release|Any CPU
		{6305C15F-352A-413D-A04C-7392098D9B88}.Release|Any CPU.Build.0 = Release|Any CPU
	EndGlobalSection
	GlobalSection(SolutionProperties) = preSolution
		HideSolutionNode = FALSE
	EndGlobalSection
	GlobalSection(ExtensibilityGlobals) = postSolution
		SolutionGuid = {58600E06-8755-413B-8D66-5286CD8E9FDD}
	EndGlobalSection
EndGlobal
